{
  "name": "@nodenv/nodenv-aliases",
  "version": "2.0.2",
  "lockfileVersion": 1,
  "requires": true,
  "dependencies": {
    "@nodenv/nodenv": {
      "version": "1.4.0",
      "resolved": "https://registry.npmjs.org/@nodenv/nodenv/-/nodenv-1.4.0.tgz",
      "integrity": "sha512-h5uA6z8GbErWno5bIIsYcUjSIP4g+dWPXClXZGmHOuAaVW8BcI0QuGz3Cx0ju7vRayyGrlUCY+I0VAUMI1NxqA==",
      "dev": true
    },
    "bats": {
      "version": "1.1.0",
      "resolved": "https://registry.npmjs.org/bats/-/bats-1.1.0.tgz",
      "integrity": "sha512-1pA29OhDByrUtAXX+nmqZxgRgx2y8PvuZzbLJVjd2dpEDVDvz0MjcBMdmIPNq5lC+tG53G+RbeRsbIlv3vw7tg==",
      "dev": true
    },
    "bats-assert": {
      "version": "github:jasonkarns/bats-assert-1#8200039faf9790c05d9865490c97a0e101b9c80f",
      "from": "github:jasonkarns/bats-assert-1",
      "dev": true
    },
    "bats-mock": {
      "version": "1.0.1",
      "resolved": false,
      "integrity": "sha1-+G19H84+RhU4L2PemvX/3+dN9dU=",
      "dev": true
    },
    "bats-support": {
      "version": "github:jasonkarns/bats-support#004e707638eedd62e0481e8cdc9223ad471f12ee",
      "from": "github:jasonkarns/bats-support",
      "dev": true
    },
    "sh-semver": {
      "version": "git+https://github.com/qzb/sh-semver.git#a962f9d2f3d26b2da3d4116661cc207fe50bb99c",
      "from": "git+https://github.com/qzb/sh-semver.git"
    },
    "shellcheck": {
      "version": "1.0.0",
      "resolved": "https://registry.npmjs.org/shellcheck/-/shellcheck-1.0.0.tgz",
      "integrity": "sha512-CdKbWXOknBwE1wNQzAnwfLf7QNOu/yqyLSGBKoq2WuChEqfg7dnZJ1pHR2P463PbVpBRz3KGkYnXJCoQrPwtYA==",
      "dev": true
    }
  }
}
